
Microsoft Visual Studio Solution File, Format Version 12.00
# Visual Studio Version 17
VisualStudioVersion = 17.9.34728.123
MinimumVisualStudioVersion = 10.0.40219.1
Project("{9A19103F-16F7-4668-BE54-9A1E7A4F7556}") = "Application", "Application\Application.csproj", "{CBA69776-1208-4B64-ABE4-D1C87E308A1F}"
EndProject
Project("{9A19103F-16F7-4668-BE54-9A1E7A4F7556}") = "Core", "Core\Core.csproj", "{C440D5B8-D39C-450E-875B-A0D6C0B819F0}"
EndProject
Project("{2150E333-8FDC-42A3-9474-1A3956D46DE8}") = "Libraries", "Libraries", "{09022F85-BC06-499D-BA5E-24735BD5F9BB}"
EndProject
Project("{2150E333-8FDC-42A3-9474-1A3956D46DE8}") = "Data", "Data", "{5F443272-87D8-4D31-886D-305214AD039D}"
EndProject
Project("{2150E333-8FDC-42A3-9474-1A3956D46DE8}") = "Docker", "Docker", "{434F5E5F-B2BD-45E5-99B0-8C76CC4FD36E}"
	ProjectSection(SolutionItems) = preProject
		Dockerfile = Dockerfile
	EndProjectSection
EndProject
Project("{2150E333-8FDC-42A3-9474-1A3956D46DE8}") = "Logging", "Logging", "{C00553E6-EB0F-4787-85DB-BD4071C44C92}"
EndProject
Project("{9A19103F-16F7-4668-BE54-9A1E7A4F7556}") = "Logging.Logstash", "Libraries\Logging\Logging.Logstash\Logging.Logstash.csproj", "{2A2E07E5-6A95-48FD-BB82-DE89480D5EE5}"
EndProject
Project("{9A19103F-16F7-4668-BE54-9A1E7A4F7556}") = "Logging.Abstractions", "Libraries\Logging\Logging.Abstractions\Logging.Abstractions.csproj", "{B346637F-2355-4140-BCD4-F69EDA83B0FE}"
EndProject
Project("{2150E333-8FDC-42A3-9474-1A3956D46DE8}") = "Caching", "Caching", "{AAF0845C-DF3D-48C4-A481-21F3EF0DB091}"
EndProject
Project("{9A19103F-16F7-4668-BE54-9A1E7A4F7556}") = "Logging.Console", "Libraries\Logging\Logging.Console\Logging.Console.csproj", "{C79C2A0C-0A78-4CBF-91C9-70F9C9F32D54}"
EndProject
Project("{2150E333-8FDC-42A3-9474-1A3956D46DE8}") = "EndpointGraphs", "EndpointGraphs", "{3AE70429-8C01-4CDE-9B75-74F7759D1D4E}"
EndProject
Project("{9A19103F-16F7-4668-BE54-9A1E7A4F7556}") = "EndpointGraph.Abstractions", "Libraries\EndpointGraphs\EndpointGraph.Abstractions\EndpointGraph.Abstractions.csproj", "{58454202-0E01-4C14-83EC-6E77BE9E5318}"
EndProject
Project("{9A19103F-16F7-4668-BE54-9A1E7A4F7556}") = "EndpointGraph.InMemory", "Libraries\EndpointGraphs\EndpointGraph.InMemory\EndpointGraph.InMemory.csproj", "{BB272980-BB84-4374-91BA-1A9A50E387DA}"
EndProject
Project("{9A19103F-16F7-4668-BE54-9A1E7A4F7556}") = "Data.Abstractions", "Data\Data.Abstractions\Data.Abstractions.csproj", "{42970BF8-87C6-4B95-AF7E-DD2A75A532B8}"
EndProject
Project("{9A19103F-16F7-4668-BE54-9A1E7A4F7556}") = "Data.EF", "Data\Data.EF\Data.EF.csproj", "{F8C4414B-414F-4C28-B2BD-90120496B369}"
EndProject
Project("{9A19103F-16F7-4668-BE54-9A1E7A4F7556}") = "Data.Caching.Abstractions", "Data\Caching\Data.Caching.Abstractions\Data.Caching.Abstractions.csproj", "{A11F6198-C480-4B6E-B9F4-52B3789C6671}"
EndProject
Project("{9A19103F-16F7-4668-BE54-9A1E7A4F7556}") = "Data.Caching.InMemory", "Data\Caching\Data.Caching.InMemory\Data.Caching.InMemory.csproj", "{F3B6CB95-7BA1-4BD3-A78A-645D8D2DFB20}"
EndProject
Project("{2150E333-8FDC-42A3-9474-1A3956D46DE8}") = "LoadBalancer", "LoadBalancer", "{4BFA0D32-2237-4E30-BB8E-2CD7FB76A822}"
EndProject
Project("{9A19103F-16F7-4668-BE54-9A1E7A4F7556}") = "LoadBalancer.Basic", "Libraries\LoadBalancer\LoadBalancer.Basic\LoadBalancer.Basic.csproj", "{D1820C24-F57D-41BF-932A-53FD7957CE30}"
EndProject
Project("{9A19103F-16F7-4668-BE54-9A1E7A4F7556}") = "LoadBalancer.Configurations", "Libraries\LoadBalancer\LoadBalancer.Configurations\LoadBalancer.Configurations.csproj", "{7C55EFEC-8DF8-43E3-9EF3-2A300B62E590}"
EndProject
Project("{9A19103F-16F7-4668-BE54-9A1E7A4F7556}") = "Arch", "Arch\Arch.csproj", "{FC381384-BF1D-4111-9651-E0AC768C60AF}"
EndProject
Project("{9A19103F-16F7-4668-BE54-9A1E7A4F7556}") = "Arch.Configurations", "Arch.Configurations\Arch.Configurations.csproj", "{1D4C42DF-A68A-4BA4-BEB7-248E1B36393A}"
EndProject
Project("{2150E333-8FDC-42A3-9474-1A3956D46DE8}") = "Auth", "Auth", "{47BAE6F3-AD6B-4FFF-B6CB-305A9A8A821B}"
EndProject
Project("{9A19103F-16F7-4668-BE54-9A1E7A4F7556}") = "Authorization.Abstractions", "Libraries\Auth\Authorization.Abstractions\Authorization.Abstractions.csproj", "{5AAE94D2-1DEF-4717-B8E1-035B8C6CB68C}"
EndProject
Project("{9A19103F-16F7-4668-BE54-9A1E7A4F7556}") = "Authorization.Kundera", "Libraries\Auth\Authorization.Kundera\Authorization.Kundera.csproj", "{2B77438D-EF3B-451C-9740-0A630C70D68C}"
EndProject
Project("{2150E333-8FDC-42A3-9474-1A3956D46DE8}") = "EventBus", "EventBus", "{3C177450-5926-467B-8FAC-D095513AEF5D}"
EndProject
Project("{9A19103F-16F7-4668-BE54-9A1E7A4F7556}") = "EventBus.Configurations", "Libraries\EventBus\EventBus.Configurations\EventBus.Configurations.csproj", "{2930A7D1-759C-4D60-916C-172AAB03E96A}"
EndProject
Project("{9A19103F-16F7-4668-BE54-9A1E7A4F7556}") = "EventBus.Cap", "Libraries\EventBus\EventBus.Cap\EventBus.Cap.csproj", "{90D791D1-5CAC-46C0-8BFB-BBB21EE46CC3}"
EndProject
Project("{2150E333-8FDC-42A3-9474-1A3956D46DE8}") = "RateLimit", "RateLimit", "{30120163-019C-4071-A265-616EBD3B4AA0}"
EndProject
Project("{FAE04EC0-301F-11D3-BF4B-00C04F79EFBC}") = "RateLimit.Configuration", "Libraries\RateLimit\RateLimit.Configuration\RateLimit.Configuration.csproj", "{F61B926A-41EB-4C3C-BE25-09C623EF7E68}"
EndProject
Project("{FAE04EC0-301F-11D3-BF4B-00C04F79EFBC}") = "RateLimit.Cage", "Libraries\RateLimit\RateLimit.Cage\RateLimit.Cage.csproj", "{105925AC-0B74-4E7D-AF6B-390D592C06CB}"
EndProject
Project("{2150E333-8FDC-42A3-9474-1A3956D46DE8}") = "Encryption", "Encryption", "{BDE52C28-12C9-4E31-9C4F-AE59E3B279FA}"
EndProject
Project("{FAE04EC0-301F-11D3-BF4B-00C04F79EFBC}") = "Encryption.Abstractions", "Libraries\Encryption.Abstractions\Encryption.Abstractions.csproj", "{9B657CC8-405E-49E1-AC44-7AB6C4B7725B}"
EndProject
Project("{FAE04EC0-301F-11D3-BF4B-00C04F79EFBC}") = "Encryption.Tes.Security", "Libraries\Encryption.Tes.Security\Encryption.Tes.Security.csproj", "{ED32D689-7ABB-41B4-82EB-B1B2153D5791}"
EndProject
Project("{2150E333-8FDC-42A3-9474-1A3956D46DE8}") = "Encryption", "Encryption", "{A8519A3E-75D0-4FFE-B62D-5BDBAC8F1988}"
EndProject
Project("{FAE04EC0-301F-11D3-BF4B-00C04F79EFBC}") = "Benchmark", "Libraries\Benchmark\Benchmark.csproj", "{BA99B688-DBC4-4820-9E41-D3CC36D64CD6}"
EndProject
Global
	GlobalSection(SolutionConfigurationPlatforms) = preSolution
		Debug|Any CPU = Debug|Any CPU
		Release|Any CPU = Release|Any CPU
	EndGlobalSection
	GlobalSection(ProjectConfigurationPlatforms) = postSolution
		{CBA69776-1208-4B64-ABE4-D1C87E308A1F}.Debug|Any CPU.ActiveCfg = Debug|Any CPU
		{CBA69776-1208-4B64-ABE4-D1C87E308A1F}.Debug|Any CPU.Build.0 = Debug|Any CPU
		{CBA69776-1208-4B64-ABE4-D1C87E308A1F}.Release|Any CPU.ActiveCfg = Release|Any CPU
		{CBA69776-1208-4B64-ABE4-D1C87E308A1F}.Release|Any CPU.Build.0 = Release|Any CPU
		{C440D5B8-D39C-450E-875B-A0D6C0B819F0}.Debug|Any CPU.ActiveCfg = Debug|Any CPU
		{C440D5B8-D39C-450E-875B-A0D6C0B819F0}.Debug|Any CPU.Build.0 = Debug|Any CPU
		{C440D5B8-D39C-450E-875B-A0D6C0B819F0}.Release|Any CPU.ActiveCfg = Release|Any CPU
		{C440D5B8-D39C-450E-875B-A0D6C0B819F0}.Release|Any CPU.Build.0 = Release|Any CPU
		{2A2E07E5-6A95-48FD-BB82-DE89480D5EE5}.Debug|Any CPU.ActiveCfg = Debug|Any CPU
		{2A2E07E5-6A95-48FD-BB82-DE89480D5EE5}.Debug|Any CPU.Build.0 = Debug|Any CPU
		{2A2E07E5-6A95-48FD-BB82-DE89480D5EE5}.Release|Any CPU.ActiveCfg = Release|Any CPU
		{2A2E07E5-6A95-48FD-BB82-DE89480D5EE5}.Release|Any CPU.Build.0 = Release|Any CPU
		{B346637F-2355-4140-BCD4-F69EDA83B0FE}.Debug|Any CPU.ActiveCfg = Debug|Any CPU
		{B346637F-2355-4140-BCD4-F69EDA83B0FE}.Debug|Any CPU.Build.0 = Debug|Any CPU
		{B346637F-2355-4140-BCD4-F69EDA83B0FE}.Release|Any CPU.ActiveCfg = Release|Any CPU
		{B346637F-2355-4140-BCD4-F69EDA83B0FE}.Release|Any CPU.Build.0 = Release|Any CPU
		{C79C2A0C-0A78-4CBF-91C9-70F9C9F32D54}.Debug|Any CPU.ActiveCfg = Debug|Any CPU
		{C79C2A0C-0A78-4CBF-91C9-70F9C9F32D54}.Debug|Any CPU.Build.0 = Debug|Any CPU
		{C79C2A0C-0A78-4CBF-91C9-70F9C9F32D54}.Release|Any CPU.ActiveCfg = Release|Any CPU
		{C79C2A0C-0A78-4CBF-91C9-70F9C9F32D54}.Release|Any CPU.Build.0 = Release|Any CPU
		{58454202-0E01-4C14-83EC-6E77BE9E5318}.Debug|Any CPU.ActiveCfg = Debug|Any CPU
		{58454202-0E01-4C14-83EC-6E77BE9E5318}.Debug|Any CPU.Build.0 = Debug|Any CPU
		{58454202-0E01-4C14-83EC-6E77BE9E5318}.Release|Any CPU.ActiveCfg = Release|Any CPU
		{58454202-0E01-4C14-83EC-6E77BE9E5318}.Release|Any CPU.Build.0 = Release|Any CPU
		{BB272980-BB84-4374-91BA-1A9A50E387DA}.Debug|Any CPU.ActiveCfg = Debug|Any CPU
		{BB272980-BB84-4374-91BA-1A9A50E387DA}.Debug|Any CPU.Build.0 = Debug|Any CPU
		{BB272980-BB84-4374-91BA-1A9A50E387DA}.Release|Any CPU.ActiveCfg = Release|Any CPU
		{BB272980-BB84-4374-91BA-1A9A50E387DA}.Release|Any CPU.Build.0 = Release|Any CPU
		{42970BF8-87C6-4B95-AF7E-DD2A75A532B8}.Debug|Any CPU.ActiveCfg = Debug|Any CPU
		{42970BF8-87C6-4B95-AF7E-DD2A75A532B8}.Debug|Any CPU.Build.0 = Debug|Any CPU
		{42970BF8-87C6-4B95-AF7E-DD2A75A532B8}.Release|Any CPU.ActiveCfg = Release|Any CPU
		{42970BF8-87C6-4B95-AF7E-DD2A75A532B8}.Release|Any CPU.Build.0 = Release|Any CPU
		{F8C4414B-414F-4C28-B2BD-90120496B369}.Debug|Any CPU.ActiveCfg = Debug|Any CPU
		{F8C4414B-414F-4C28-B2BD-90120496B369}.Debug|Any CPU.Build.0 = Debug|Any CPU
		{F8C4414B-414F-4C28-B2BD-90120496B369}.Release|Any CPU.ActiveCfg = Release|Any CPU
		{F8C4414B-414F-4C28-B2BD-90120496B369}.Release|Any CPU.Build.0 = Release|Any CPU
		{A11F6198-C480-4B6E-B9F4-52B3789C6671}.Debug|Any CPU.ActiveCfg = Debug|Any CPU
		{A11F6198-C480-4B6E-B9F4-52B3789C6671}.Debug|Any CPU.Build.0 = Debug|Any CPU
		{A11F6198-C480-4B6E-B9F4-52B3789C6671}.Release|Any CPU.ActiveCfg = Release|Any CPU
		{A11F6198-C480-4B6E-B9F4-52B3789C6671}.Release|Any CPU.Build.0 = Release|Any CPU
		{F3B6CB95-7BA1-4BD3-A78A-645D8D2DFB20}.Debug|Any CPU.ActiveCfg = Debug|Any CPU
		{F3B6CB95-7BA1-4BD3-A78A-645D8D2DFB20}.Debug|Any CPU.Build.0 = Debug|Any CPU
		{F3B6CB95-7BA1-4BD3-A78A-645D8D2DFB20}.Release|Any CPU.ActiveCfg = Release|Any CPU
		{F3B6CB95-7BA1-4BD3-A78A-645D8D2DFB20}.Release|Any CPU.Build.0 = Release|Any CPU
		{D1820C24-F57D-41BF-932A-53FD7957CE30}.Debug|Any CPU.ActiveCfg = Debug|Any CPU
		{D1820C24-F57D-41BF-932A-53FD7957CE30}.Debug|Any CPU.Build.0 = Debug|Any CPU
		{D1820C24-F57D-41BF-932A-53FD7957CE30}.Release|Any CPU.ActiveCfg = Release|Any CPU
		{D1820C24-F57D-41BF-932A-53FD7957CE30}.Release|Any CPU.Build.0 = Release|Any CPU
		{7C55EFEC-8DF8-43E3-9EF3-2A300B62E590}.Debug|Any CPU.ActiveCfg = Debug|Any CPU
		{7C55EFEC-8DF8-43E3-9EF3-2A300B62E590}.Debug|Any CPU.Build.0 = Debug|Any CPU
		{7C55EFEC-8DF8-43E3-9EF3-2A300B62E590}.Release|Any CPU.ActiveCfg = Release|Any CPU
		{7C55EFEC-8DF8-43E3-9EF3-2A300B62E590}.Release|Any CPU.Build.0 = Release|Any CPU
		{FC381384-BF1D-4111-9651-E0AC768C60AF}.Debug|Any CPU.ActiveCfg = Debug|Any CPU
		{FC381384-BF1D-4111-9651-E0AC768C60AF}.Debug|Any CPU.Build.0 = Debug|Any CPU
		{FC381384-BF1D-4111-9651-E0AC768C60AF}.Release|Any CPU.ActiveCfg = Release|Any CPU
		{FC381384-BF1D-4111-9651-E0AC768C60AF}.Release|Any CPU.Build.0 = Release|Any CPU
		{1D4C42DF-A68A-4BA4-BEB7-248E1B36393A}.Debug|Any CPU.ActiveCfg = Debug|Any CPU
		{1D4C42DF-A68A-4BA4-BEB7-248E1B36393A}.Debug|Any CPU.Build.0 = Debug|Any CPU
		{1D4C42DF-A68A-4BA4-BEB7-248E1B36393A}.Release|Any CPU.ActiveCfg = Release|Any CPU
		{1D4C42DF-A68A-4BA4-BEB7-248E1B36393A}.Release|Any CPU.Build.0 = Release|Any CPU
		{5AAE94D2-1DEF-4717-B8E1-035B8C6CB68C}.Debug|Any CPU.ActiveCfg = Debug|Any CPU
		{5AAE94D2-1DEF-4717-B8E1-035B8C6CB68C}.Debug|Any CPU.Build.0 = Debug|Any CPU
		{5AAE94D2-1DEF-4717-B8E1-035B8C6CB68C}.Release|Any CPU.ActiveCfg = Release|Any CPU
		{5AAE94D2-1DEF-4717-B8E1-035B8C6CB68C}.Release|Any CPU.Build.0 = Release|Any CPU
		{2B77438D-EF3B-451C-9740-0A630C70D68C}.Debug|Any CPU.ActiveCfg = Debug|Any CPU
		{2B77438D-EF3B-451C-9740-0A630C70D68C}.Debug|Any CPU.Build.0 = Debug|Any CPU
		{2B77438D-EF3B-451C-9740-0A630C70D68C}.Release|Any CPU.ActiveCfg = Release|Any CPU
		{2B77438D-EF3B-451C-9740-0A630C70D68C}.Release|Any CPU.Build.0 = Release|Any CPU
		{2930A7D1-759C-4D60-916C-172AAB03E96A}.Debug|Any CPU.ActiveCfg = Debug|Any CPU
		{2930A7D1-759C-4D60-916C-172AAB03E96A}.Debug|Any CPU.Build.0 = Debug|Any CPU
		{2930A7D1-759C-4D60-916C-172AAB03E96A}.Release|Any CPU.ActiveCfg = Release|Any CPU
		{2930A7D1-759C-4D60-916C-172AAB03E96A}.Release|Any CPU.Build.0 = Release|Any CPU
		{90D791D1-5CAC-46C0-8BFB-BBB21EE46CC3}.Debug|Any CPU.ActiveCfg = Debug|Any CPU
		{90D791D1-5CAC-46C0-8BFB-BBB21EE46CC3}.Debug|Any CPU.Build.0 = Debug|Any CPU
		{90D791D1-5CAC-46C0-8BFB-BBB21EE46CC3}.Release|Any CPU.ActiveCfg = Release|Any CPU
		{90D791D1-5CAC-46C0-8BFB-BBB21EE46CC3}.Release|Any CPU.Build.0 = Release|Any CPU
		{F61B926A-41EB-4C3C-BE25-09C623EF7E68}.Debug|Any CPU.ActiveCfg = Debug|Any CPU
		{F61B926A-41EB-4C3C-BE25-09C623EF7E68}.Debug|Any CPU.Build.0 = Debug|Any CPU
		{F61B926A-41EB-4C3C-BE25-09C623EF7E68}.Release|Any CPU.ActiveCfg = Release|Any CPU
		{F61B926A-41EB-4C3C-BE25-09C623EF7E68}.Release|Any CPU.Build.0 = Release|Any CPU
		{105925AC-0B74-4E7D-AF6B-390D592C06CB}.Debug|Any CPU.ActiveCfg = Debug|Any CPU
		{105925AC-0B74-4E7D-AF6B-390D592C06CB}.Debug|Any CPU.Build.0 = Debug|Any CPU
		{105925AC-0B74-4E7D-AF6B-390D592C06CB}.Release|Any CPU.ActiveCfg = Release|Any CPU
		{105925AC-0B74-4E7D-AF6B-390D592C06CB}.Release|Any CPU.Build.0 = Release|Any CPU
		{9B657CC8-405E-49E1-AC44-7AB6C4B7725B}.Debug|Any CPU.ActiveCfg = Debug|Any CPU
		{9B657CC8-405E-49E1-AC44-7AB6C4B7725B}.Debug|Any CPU.Build.0 = Debug|Any CPU
		{ED32D689-7ABB-41B4-82EB-B1B2153D5791}.Debug|Any CPU.ActiveCfg = Debug|Any CPU
		{ED32D689-7ABB-41B4-82EB-B1B2153D5791}.Debug|Any CPU.Build.0 = Debug|Any CPU
		{BA99B688-DBC4-4820-9E41-D3CC36D64CD6}.Debug|Any CPU.ActiveCfg = Debug|Any CPU
		{BA99B688-DBC4-4820-9E41-D3CC36D64CD6}.Debug|Any CPU.Build.0 = Debug|Any CPU
		{BA99B688-DBC4-4820-9E41-D3CC36D64CD6}.Release|Any CPU.ActiveCfg = Release|Any CPU
		{BA99B688-DBC4-4820-9E41-D3CC36D64CD6}.Release|Any CPU.Build.0 = Release|Any CPU
	EndGlobalSection
	GlobalSection(SolutionProperties) = preSolution
		HideSolutionNode = FALSE
		{9B657CC8-405E-49E1-AC44-7AB6C4B7725B}.Debug|Any CPU.ActiveCfg = Debug|Any CPU
		{9B657CC8-405E-49E1-AC44-7AB6C4B7725B}.Debug|Any CPU.Build.0 = Debug|Any CPU
		{9B657CC8-405E-49E1-AC44-7AB6C4B7725B}.Release|Any CPU.ActiveCfg = Release|Any CPU
		{9B657CC8-405E-49E1-AC44-7AB6C4B7725B}.Release|Any CPU.Build.0 = Release|Any CPU
		{ED32D689-7ABB-41B4-82EB-B1B2153D5791}.Debug|Any CPU.ActiveCfg = Debug|Any CPU
		{ED32D689-7ABB-41B4-82EB-B1B2153D5791}.Debug|Any CPU.Build.0 = Debug|Any CPU
		{ED32D689-7ABB-41B4-82EB-B1B2153D5791}.Release|Any CPU.ActiveCfg = Release|Any CPU
		{ED32D689-7ABB-41B4-82EB-B1B2153D5791}.Release|Any CPU.Build.0 = Release|Any CPU
	EndGlobalSection
	GlobalSection(NestedProjects) = preSolution
		{C00553E6-EB0F-4787-85DB-BD4071C44C92} = {09022F85-BC06-499D-BA5E-24735BD5F9BB}
		{2A2E07E5-6A95-48FD-BB82-DE89480D5EE5} = {C00553E6-EB0F-4787-85DB-BD4071C44C92}
		{B346637F-2355-4140-BCD4-F69EDA83B0FE} = {C00553E6-EB0F-4787-85DB-BD4071C44C92}
		{AAF0845C-DF3D-48C4-A481-21F3EF0DB091} = {5F443272-87D8-4D31-886D-305214AD039D}
		{C79C2A0C-0A78-4CBF-91C9-70F9C9F32D54} = {C00553E6-EB0F-4787-85DB-BD4071C44C92}
		{3AE70429-8C01-4CDE-9B75-74F7759D1D4E} = {09022F85-BC06-499D-BA5E-24735BD5F9BB}
		{58454202-0E01-4C14-83EC-6E77BE9E5318} = {3AE70429-8C01-4CDE-9B75-74F7759D1D4E}
		{BB272980-BB84-4374-91BA-1A9A50E387DA} = {3AE70429-8C01-4CDE-9B75-74F7759D1D4E}
		{42970BF8-87C6-4B95-AF7E-DD2A75A532B8} = {5F443272-87D8-4D31-886D-305214AD039D}
		{F8C4414B-414F-4C28-B2BD-90120496B369} = {5F443272-87D8-4D31-886D-305214AD039D}
		{A11F6198-C480-4B6E-B9F4-52B3789C6671} = {AAF0845C-DF3D-48C4-A481-21F3EF0DB091}
		{F3B6CB95-7BA1-4BD3-A78A-645D8D2DFB20} = {AAF0845C-DF3D-48C4-A481-21F3EF0DB091}
		{4BFA0D32-2237-4E30-BB8E-2CD7FB76A822} = {09022F85-BC06-499D-BA5E-24735BD5F9BB}
		{D1820C24-F57D-41BF-932A-53FD7957CE30} = {4BFA0D32-2237-4E30-BB8E-2CD7FB76A822}
		{7C55EFEC-8DF8-43E3-9EF3-2A300B62E590} = {4BFA0D32-2237-4E30-BB8E-2CD7FB76A822}
		{47BAE6F3-AD6B-4FFF-B6CB-305A9A8A821B} = {09022F85-BC06-499D-BA5E-24735BD5F9BB}
		{5AAE94D2-1DEF-4717-B8E1-035B8C6CB68C} = {47BAE6F3-AD6B-4FFF-B6CB-305A9A8A821B}
		{2B77438D-EF3B-451C-9740-0A630C70D68C} = {47BAE6F3-AD6B-4FFF-B6CB-305A9A8A821B}
		{3C177450-5926-467B-8FAC-D095513AEF5D} = {09022F85-BC06-499D-BA5E-24735BD5F9BB}
		{2930A7D1-759C-4D60-916C-172AAB03E96A} = {3C177450-5926-467B-8FAC-D095513AEF5D}
		{90D791D1-5CAC-46C0-8BFB-BBB21EE46CC3} = {3C177450-5926-467B-8FAC-D095513AEF5D}
		{30120163-019C-4071-A265-616EBD3B4AA0} = {09022F85-BC06-499D-BA5E-24735BD5F9BB}
		{F61B926A-41EB-4C3C-BE25-09C623EF7E68} = {30120163-019C-4071-A265-616EBD3B4AA0}
		{105925AC-0B74-4E7D-AF6B-390D592C06CB} = {30120163-019C-4071-A265-616EBD3B4AA0}
		{A8519A3E-75D0-4FFE-B62D-5BDBAC8F1988} = {09022F85-BC06-499D-BA5E-24735BD5F9BB}
		{ED32D689-7ABB-41B4-82EB-B1B2153D5791} = {A8519A3E-75D0-4FFE-B62D-5BDBAC8F1988}
		{9B657CC8-405E-49E1-AC44-7AB6C4B7725B} = {A8519A3E-75D0-4FFE-B62D-5BDBAC8F1988}
		{BA99B688-DBC4-4820-9E41-D3CC36D64CD6} = {A8519A3E-75D0-4FFE-B62D-5BDBAC8F1988}
	EndGlobalSection
	GlobalSection(ExtensibilityGlobals) = postSolution
		SolutionGuid = {4F01DF2D-D5EA-432F-A646-C639BF9C15CA}
		{BDE52C28-12C9-4E31-9C4F-AE59E3B279FA} = {09022F85-BC06-499D-BA5E-24735BD5F9BB}
		{9B657CC8-405E-49E1-AC44-7AB6C4B7725B} = {BDE52C28-12C9-4E31-9C4F-AE59E3B279FA}
		{ED32D689-7ABB-41B4-82EB-B1B2153D5791} = {BDE52C28-12C9-4E31-9C4F-AE59E3B279FA}
	EndGlobalSection
EndGlobal
