
Microsoft Visual Studio Solution File, Format Version 12.00
Project("{FAE04EC0-301F-11D3-BF4B-00C04F79EFBC}") = "Application", "Application\Application.csproj", "{CBA69776-1208-4B64-ABE4-D1C87E308A1F}"
EndProject
Project("{FAE04EC0-301F-11D3-BF4B-00C04F79EFBC}") = "Core", "Core\Core.csproj", "{C440D5B8-D39C-450E-875B-A0D6C0B819F0}"
EndProject
Project("{FAE04EC0-301F-11D3-BF4B-00C04F79EFBC}") = "Data.Sql", "Data.Sql\Data.Sql.csproj", "{510C580C-2435-42F4-951F-914965479C17}"
EndProject
Project("{2150E333-8FDC-42A3-9474-1A3956D46DE8}") = "Libraries", "Libraries", "{09022F85-BC06-499D-BA5E-24735BD5F9BB}"
EndProject
Project("{FAE04EC0-301F-11D3-BF4B-00C04F79EFBC}") = "Arch.Clerk", "Libraries\Arch.Clerk\Arch.Clerk.csproj", "{2BA7F19F-1318-4F6A-BABB-B673E3E89640}"
EndProject
Project("{FAE04EC0-301F-11D3-BF4B-00C04F79EFBC}") = "Arch.Kundera", "Libraries\Arch.Kundera\Arch.Kundera.csproj", "{ACD371C5-0946-4C7E-82E8-EAED205F1F73}"
EndProject
Project("{FAE04EC0-301F-11D3-BF4B-00C04F79EFBC}") = "Benchmarks", "Benchmarks\Benchmarks.csproj", "{6FDE233F-8D9C-42AF-99B6-A26F05BB9B10}"
EndProject
Project("{2150E333-8FDC-42A3-9474-1A3956D46DE8}") = "Data", "Data", "{5F443272-87D8-4D31-886D-305214AD039D}"
EndProject
Project("{FAE04EC0-301F-11D3-BF4B-00C04F79EFBC}") = "Data.InMemory", "Data.InMemory\Data.InMemory.csproj", "{39DD7DA6-E3CF-447C-8E63-154AF6718ADF}"
EndProject
Project("{2150E333-8FDC-42A3-9474-1A3956D46DE8}") = "Docker", "Docker", "{434F5E5F-B2BD-45E5-99B0-8C76CC4FD36E}"
	ProjectSection(SolutionItems) = preProject
		Dockerfile = Dockerfile
	EndProjectSection
EndProject
Project("{2150E333-8FDC-42A3-9474-1A3956D46DE8}") = "Logging", "Logging", "{C00553E6-EB0F-4787-85DB-BD4071C44C92}"
EndProject
Project("{FAE04EC0-301F-11D3-BF4B-00C04F79EFBC}") = "Logging.Logstash", "Libraries\Logging\Logging.Logstash\Logging.Logstash.csproj", "{2A2E07E5-6A95-48FD-BB82-DE89480D5EE5}"
EndProject
Project("{FAE04EC0-301F-11D3-BF4B-00C04F79EFBC}") = "Logging.Abstractions", "Libraries\Logging\Logging.Abstractions\Logging.Abstractions.csproj", "{B346637F-2355-4140-BCD4-F69EDA83B0FE}"
EndProject
Global
	GlobalSection(SolutionConfigurationPlatforms) = preSolution
		Debug|Any CPU = Debug|Any CPU
		Release|Any CPU = Release|Any CPU
	EndGlobalSection
	GlobalSection(ProjectConfigurationPlatforms) = postSolution
		{CBA69776-1208-4B64-ABE4-D1C87E308A1F}.Debug|Any CPU.ActiveCfg = Debug|Any CPU
		{CBA69776-1208-4B64-ABE4-D1C87E308A1F}.Debug|Any CPU.Build.0 = Debug|Any CPU
		{CBA69776-1208-4B64-ABE4-D1C87E308A1F}.Release|Any CPU.ActiveCfg = Release|Any CPU
		{CBA69776-1208-4B64-ABE4-D1C87E308A1F}.Release|Any CPU.Build.0 = Release|Any CPU
		{C440D5B8-D39C-450E-875B-A0D6C0B819F0}.Debug|Any CPU.ActiveCfg = Debug|Any CPU
		{C440D5B8-D39C-450E-875B-A0D6C0B819F0}.Debug|Any CPU.Build.0 = Debug|Any CPU
		{C440D5B8-D39C-450E-875B-A0D6C0B819F0}.Release|Any CPU.ActiveCfg = Release|Any CPU
		{C440D5B8-D39C-450E-875B-A0D6C0B819F0}.Release|Any CPU.Build.0 = Release|Any CPU
		{510C580C-2435-42F4-951F-914965479C17}.Debug|Any CPU.ActiveCfg = Debug|Any CPU
		{510C580C-2435-42F4-951F-914965479C17}.Debug|Any CPU.Build.0 = Debug|Any CPU
		{510C580C-2435-42F4-951F-914965479C17}.Release|Any CPU.ActiveCfg = Release|Any CPU
		{510C580C-2435-42F4-951F-914965479C17}.Release|Any CPU.Build.0 = Release|Any CPU
		{2BA7F19F-1318-4F6A-BABB-B673E3E89640}.Debug|Any CPU.ActiveCfg = Debug|Any CPU
		{2BA7F19F-1318-4F6A-BABB-B673E3E89640}.Debug|Any CPU.Build.0 = Debug|Any CPU
		{2BA7F19F-1318-4F6A-BABB-B673E3E89640}.Release|Any CPU.ActiveCfg = Release|Any CPU
		{2BA7F19F-1318-4F6A-BABB-B673E3E89640}.Release|Any CPU.Build.0 = Release|Any CPU
		{ACD371C5-0946-4C7E-82E8-EAED205F1F73}.Debug|Any CPU.ActiveCfg = Debug|Any CPU
		{ACD371C5-0946-4C7E-82E8-EAED205F1F73}.Debug|Any CPU.Build.0 = Debug|Any CPU
		{ACD371C5-0946-4C7E-82E8-EAED205F1F73}.Release|Any CPU.ActiveCfg = Release|Any CPU
		{ACD371C5-0946-4C7E-82E8-EAED205F1F73}.Release|Any CPU.Build.0 = Release|Any CPU
		{6FDE233F-8D9C-42AF-99B6-A26F05BB9B10}.Debug|Any CPU.ActiveCfg = Debug|Any CPU
		{6FDE233F-8D9C-42AF-99B6-A26F05BB9B10}.Debug|Any CPU.Build.0 = Debug|Any CPU
		{6FDE233F-8D9C-42AF-99B6-A26F05BB9B10}.Release|Any CPU.ActiveCfg = Release|Any CPU
		{6FDE233F-8D9C-42AF-99B6-A26F05BB9B10}.Release|Any CPU.Build.0 = Release|Any CPU
		{39DD7DA6-E3CF-447C-8E63-154AF6718ADF}.Debug|Any CPU.ActiveCfg = Debug|Any CPU
		{39DD7DA6-E3CF-447C-8E63-154AF6718ADF}.Debug|Any CPU.Build.0 = Debug|Any CPU
		{39DD7DA6-E3CF-447C-8E63-154AF6718ADF}.Release|Any CPU.ActiveCfg = Release|Any CPU
		{39DD7DA6-E3CF-447C-8E63-154AF6718ADF}.Release|Any CPU.Build.0 = Release|Any CPU
		{2A2E07E5-6A95-48FD-BB82-DE89480D5EE5}.Debug|Any CPU.ActiveCfg = Debug|Any CPU
		{2A2E07E5-6A95-48FD-BB82-DE89480D5EE5}.Debug|Any CPU.Build.0 = Debug|Any CPU
		{2A2E07E5-6A95-48FD-BB82-DE89480D5EE5}.Release|Any CPU.ActiveCfg = Release|Any CPU
		{2A2E07E5-6A95-48FD-BB82-DE89480D5EE5}.Release|Any CPU.Build.0 = Release|Any CPU
		{B346637F-2355-4140-BCD4-F69EDA83B0FE}.Debug|Any CPU.ActiveCfg = Debug|Any CPU
		{B346637F-2355-4140-BCD4-F69EDA83B0FE}.Debug|Any CPU.Build.0 = Debug|Any CPU
		{B346637F-2355-4140-BCD4-F69EDA83B0FE}.Release|Any CPU.ActiveCfg = Release|Any CPU
		{B346637F-2355-4140-BCD4-F69EDA83B0FE}.Release|Any CPU.Build.0 = Release|Any CPU
	EndGlobalSection
	GlobalSection(NestedProjects) = preSolution
		{2BA7F19F-1318-4F6A-BABB-B673E3E89640} = {09022F85-BC06-499D-BA5E-24735BD5F9BB}
		{ACD371C5-0946-4C7E-82E8-EAED205F1F73} = {09022F85-BC06-499D-BA5E-24735BD5F9BB}
		{510C580C-2435-42F4-951F-914965479C17} = {5F443272-87D8-4D31-886D-305214AD039D}
		{39DD7DA6-E3CF-447C-8E63-154AF6718ADF} = {5F443272-87D8-4D31-886D-305214AD039D}
		{C00553E6-EB0F-4787-85DB-BD4071C44C92} = {09022F85-BC06-499D-BA5E-24735BD5F9BB}
		{2A2E07E5-6A95-48FD-BB82-DE89480D5EE5} = {C00553E6-EB0F-4787-85DB-BD4071C44C92}
		{B346637F-2355-4140-BCD4-F69EDA83B0FE} = {C00553E6-EB0F-4787-85DB-BD4071C44C92}
	EndGlobalSection
EndGlobal
